
Microsoft Visual Studio Solution File, Format Version 12.00
# Visual Studio 16
Project("{FAE04EC0-301F-11D3-BF4B-00C04F79EFBC}") = "Assembly-CSharp", "Assembly-CSharp.csproj", "{84EDFA24-4B49-D1FB-B3E6-4E2A30F60F01}"
EndProject
Project("{FAE04EC0-301F-11D3-BF4B-00C04F79EFBC}") = "Assembly-CSharp-Editor", "Assembly-CSharp-Editor.csproj", "{8ABEA8EB-FDD8-589E-7EB8-68FE0CF8825E}"
EndProject
Global
	GlobalSection(SolutionConfigurationPlatforms) = preSolution
		Debug|Any CPU = Debug|Any CPU
		Release|Any CPU = Release|Any CPU
	EndGlobalSection
	GlobalSection(ProjectConfigurationPlatforms) = postSolution
		{84EDFA24-4B49-D1FB-B3E6-4E2A30F60F01}.Debug|Any CPU.ActiveCfg = Debug|Any CPU
		{84EDFA24-4B49-D1FB-B3E6-4E2A30F60F01}.Debug|Any CPU.Build.0 = Debug|Any CPU
		{84EDFA24-4B49-D1FB-B3E6-4E2A30F60F01}.Release|Any CPU.ActiveCfg = Release|Any CPU
		{84EDFA24-4B49-D1FB-B3E6-4E2A30F60F01}.Release|Any CPU.Build.0 = Release|Any CPU
		{8ABEA8EB-FDD8-589E-7EB8-68FE0CF8825E}.Debug|Any CPU.ActiveCfg = Debug|Any CPU
		{8ABEA8EB-FDD8-589E-7EB8-68FE0CF8825E}.Debug|Any CPU.Build.0 = Debug|Any CPU
		{8ABEA8EB-FDD8-589E-7EB8-68FE0CF8825E}.Release|Any CPU.ActiveCfg = Release|Any CPU
		{8ABEA8EB-FDD8-589E-7EB8-68FE0CF8825E}.Release|Any CPU.Build.0 = Release|Any CPU
	EndGlobalSection
	GlobalSection(SolutionProperties) = preSolution
		HideSolutionNode = FALSE
	EndGlobalSection
	GlobalSection(MonoDevelopProperties) = preSolution
		StartupItem = Assembly-CSharp.csproj
	EndGlobalSection
EndGlobal
